{
  "name": "rs-codeinsight-site",
  "lockfileVersion": 3,
  "requires": true,
  "packages": {
    "": {
      "name": "rs-codeinsight-site",
      "dependencies": {
        "anentrypoint-design": "^0.0.355"
      }
    },
    "node_modules/anentrypoint-design": {
      "version": "0.0.355",
      "resolved": "https://registry.npmjs.org/anentrypoint-design/-/anentrypoint-design-0.0.355.tgz",
      "integrity": "sha512-wYMLN+AAMWDRs/Ud8CLOGh40jQthGwlTaevDOvI3DKzjiWuNgBt7Fqz497qp7DM74+gMN+uOdUDk8fxnr75G5A=="
    }
  }
}
